
Microsoft Visual Studio Solution File, Format Version 12.00
# Visual Studio Version 17
VisualStudioVersion = 17.9.34622.214
MinimumVisualStudioVersion = 10.0.40219.1
Project("{FAE04EC0-301F-11D3-BF4B-00C04F79EFBC}") = "TestoviyVariant", "TestoviyVariant\TestoviyVariant.csproj", "{49ADA3F6-706D-4D46-9922-CA15A33DBB7F}"
EndProject
Global
	GlobalSection(SolutionConfigurationPlatforms) = preSolution
		Debug|Any CPU = Debug|Any CPU
		Release|Any CPU = Release|Any CPU
	EndGlobalSection
	GlobalSection(ProjectConfigurationPlatforms) = postSolution
		{49ADA3F6-706D-4D46-9922-CA15A33DBB7F}.Debug|Any CPU.ActiveCfg = Debug|Any CPU
		{49ADA3F6-706D-4D46-9922-CA15A33DBB7F}.Debug|Any CPU.Build.0 = Debug|Any CPU
		{49ADA3F6-706D-4D46-9922-CA15A33DBB7F}.Release|Any CPU.ActiveCfg = Release|Any CPU
		{49ADA3F6-706D-4D46-9922-CA15A33DBB7F}.Release|Any CPU.Build.0 = Release|Any CPU
	EndGlobalSection
	GlobalSection(SolutionProperties) = preSolution
		HideSolutionNode = FALSE
	EndGlobalSection
	GlobalSection(ExtensibilityGlobals) = postSolution
		SolutionGuid = {6DDEEC55-C162-4EB7-819A-7BC4AEF75A34}
	EndGlobalSection
EndGlobal
